
Microsoft Visual Studio Solution File, Format Version 12.00
# Visual Studio 15
VisualStudioVersion = 15.0.28010.2003
MinimumVisualStudioVersion = 10.0.40219.1
Project("{FAE04EC0-301F-11D3-BF4B-00C04F79EFBC}") = "chashDelegates", "chashDelegates\chashDelegates.csproj", "{7C531464-7A7E-46A3-8F47-6F091425C762}"
EndProject
Global
	GlobalSection(SolutionConfigurationPlatforms) = preSolution
		Debug|Any CPU = Debug|Any CPU
		Release|Any CPU = Release|Any CPU
	EndGlobalSection
	GlobalSection(ProjectConfigurationPlatforms) = postSolution
		{7C531464-7A7E-46A3-8F47-6F091425C762}.Debug|Any CPU.ActiveCfg = Debug|Any CPU
		{7C531464-7A7E-46A3-8F47-6F091425C762}.Debug|Any CPU.Build.0 = Debug|Any CPU
		{7C531464-7A7E-46A3-8F47-6F091425C762}.Release|Any CPU.ActiveCfg = Release|Any CPU
		{7C531464-7A7E-46A3-8F47-6F091425C762}.Release|Any CPU.Build.0 = Release|Any CPU
	EndGlobalSection
	GlobalSection(SolutionProperties) = preSolution
		HideSolutionNode = FALSE
	EndGlobalSection
	GlobalSection(ExtensibilityGlobals) = postSolution
		SolutionGuid = {3439CF51-91B5-4E5B-B257-BA2720B3BF10}
	EndGlobalSection
EndGlobal
